// !$*UTF8*$!
{
	archiveVersion = 1;
	classes = {
	};
	objectVersion = 55;
	objects = {

/* Begin PBXBuildFile section */
		311E269627FADB6D003B553A /* AppDelegate.swift in Sources */ = {isa = PBXBuildFile; fileRef = 311E269527FADB6D003B553A /* AppDelegate.swift */; };
		311E269827FADB6D003B553A /* SceneDelegate.swift in Sources */ = {isa = PBXBuildFile; fileRef = 311E269727FADB6D003B553A /* SceneDelegate.swift */; };
		311E269A27FADB6D003B553A /* ViewController.swift in Sources */ = {isa = PBXBuildFile; fileRef = 311E269927FADB6D003B553A /* ViewController.swift */; };
		311E269F27FADB6E003B553A /* Assets.xcassets in Resources */ = {isa = PBXBuildFile; fileRef = 311E269E27FADB6E003B553A /* Assets.xcassets */; };
		311E26A227FADB6E003B553A /* LaunchScreen.storyboard in Resources */ = {isa = PBXBuildFile; fileRef = 311E26A027FADB6E003B553A /* LaunchScreen.storyboard */; };
		311E26AB27FADBA4003B553A /* RxCocoa in Frameworks */ = {isa = PBXBuildFile; productRef = 311E26AA27FADBA4003B553A /* RxCocoa */; };
		311E26AD27FADBA4003B553A /* RxRelay in Frameworks */ = {isa = PBXBuildFile; productRef = 311E26AC27FADBA4003B553A /* RxRelay */; };
		311E26AF27FADBA4003B553A /* RxSwift in Frameworks */ = {isa = PBXBuildFile; productRef = 311E26AE27FADBA4003B553A /* RxSwift */; };
		311E26B227FADBD1003B553A /* Kingfisher in Frameworks */ = {isa = PBXBuildFile; productRef = 311E26B127FADBD1003B553A /* Kingfisher */; };
		311E26B527FADBDE003B553A /* SnapKit in Frameworks */ = {isa = PBXBuildFile; productRef = 311E26B427FADBDE003B553A /* SnapKit */; };
		311E26B727FADC1D003B553A /* MainViewController.swift in Sources */ = {isa = PBXBuildFile; fileRef = 311E26B627FADC1D003B553A /* MainViewController.swift */; };
		311E26B927FADDCC003B553A /* SearchBar.swift in Sources */ = {isa = PBXBuildFile; fileRef = 311E26B827FADDCC003B553A /* SearchBar.swift */; };
		311E26BB27FAE15B003B553A /* FilterView.swift in Sources */ = {isa = PBXBuildFile; fileRef = 311E26BA27FAE15B003B553A /* FilterView.swift */; };
		311E26BD27FAE29B003B553A /* BlogList.swift in Sources */ = {isa = PBXBuildFile; fileRef = 311E26BC27FAE29B003B553A /* BlogList.swift */; };
		311E26BF27FAE2AE003B553A /* BlogListCell.swift in Sources */ = {isa = PBXBuildFile; fileRef = 311E26BE27FAE2AE003B553A /* BlogListCell.swift */; };
		311E26C127FAE2BE003B553A /* BlogListCellData.swift in Sources */ = {isa = PBXBuildFile; fileRef = 311E26C027FAE2BE003B553A /* BlogListCellData.swift */; };
		311E26CA27FAE963003B553A /* AlertActionConvertible.swift in Sources */ = {isa = PBXBuildFile; fileRef = 311E26C927FAE963003B553A /* AlertActionConvertible.swift */; };
		311E26CC27FAEF93003B553A /* DKBlog.swift in Sources */ = {isa = PBXBuildFile; fileRef = 311E26CB27FAEF93003B553A /* DKBlog.swift */; };
		311E26CE27FAF1CC003B553A /* SearchBlogAPI.swift in Sources */ = {isa = PBXBuildFile; fileRef = 311E26CD27FAF1CC003B553A /* SearchBlogAPI.swift */; };
		311E26D127FAF2A3003B553A /* SearchBlogNetwork.swift in Sources */ = {isa = PBXBuildFile; fileRef = 311E26D027FAF2A3003B553A /* SearchBlogNetwork.swift */; };
/* End PBXBuildFile section */

/* Begin PBXFileReference section */
		311E269227FADB6D003B553A /* SearchDaumBlog.app */ = {isa = PBXFileReference; explicitFileType = wrapper.application; includeInIndex = 0; path = SearchDaumBlog.app; sourceTree = BUILT_PRODUCTS_DIR; };
		311E269527FADB6D003B553A /* AppDelegate.swift */ = {isa = PBXFileReference; lastKnownFileType = sourcecode.swift; path = AppDelegate.swift; sourceTree = "<group>"; };
		311E269727FADB6D003B553A /* SceneDelegate.swift */ = {isa = PBXFileReference; lastKnownFileType = sourcecode.swift; path = SceneDelegate.swift; sourceTree = "<group>"; };
		311E269927FADB6D003B553A /* ViewController.swift */ = {isa = PBXFileReference; lastKnownFileType = sourcecode.swift; path = ViewController.swift; sourceTree = "<group>"; };
		311E269E27FADB6E003B553A /* Assets.xcassets */ = {isa = PBXFileReference; lastKnownFileType = folder.assetcatalog; path = Assets.xcassets; sourceTree = "<group>"; };
		311E26A127FADB6E003B553A /* Base */ = {isa = PBXFileReference; lastKnownFileType = file.storyboard; name = Base; path = Base.lproj/LaunchScreen.storyboard; sourceTree = "<group>"; };
		311E26A327FADB6E003B553A /* Info.plist */ = {isa = PBXFileReference; lastKnownFileType = text.plist.xml; path = Info.plist; sourceTree = "<group>"; };
		311E26B627FADC1D003B553A /* MainViewController.swift */ = {isa = PBXFileReference; lastKnownFileType = sourcecode.swift; path = MainViewController.swift; sourceTree = "<group>"; };
		311E26B827FADDCC003B553A /* SearchBar.swift */ = {isa = PBXFileReference; lastKnownFileType = sourcecode.swift; path = SearchBar.swift; sourceTree = "<group>"; };
		311E26BA27FAE15B003B553A /* FilterView.swift */ = {isa = PBXFileReference; lastKnownFileType = sourcecode.swift; path = FilterView.swift; sourceTree = "<group>"; };
		311E26BC27FAE29B003B553A /* BlogList.swift */ = {isa = PBXFileReference; lastKnownFileType = sourcecode.swift; path = BlogList.swift; sourceTree = "<group>"; };
		311E26BE27FAE2AE003B553A /* BlogListCell.swift */ = {isa = PBXFileReference; lastKnownFileType = sourcecode.swift; path = BlogListCell.swift; sourceTree = "<group>"; };
		311E26C027FAE2BE003B553A /* BlogListCellData.swift */ = {isa = PBXFileReference; lastKnownFileType = sourcecode.swift; path = BlogListCellData.swift; sourceTree = "<group>"; };
		311E26C927FAE963003B553A /* AlertActionConvertible.swift */ = {isa = PBXFileReference; lastKnownFileType = sourcecode.swift; path = AlertActionConvertible.swift; sourceTree = "<group>"; };
		311E26CB27FAEF93003B553A /* DKBlog.swift */ = {isa = PBXFileReference; lastKnownFileType = sourcecode.swift; path = DKBlog.swift; sourceTree = "<group>"; };
		311E26CD27FAF1CC003B553A /* SearchBlogAPI.swift */ = {isa = PBXFileReference; lastKnownFileType = sourcecode.swift; path = SearchBlogAPI.swift; sourceTree = "<group>"; };
		311E26D027FAF2A3003B553A /* SearchBlogNetwork.swift */ = {isa = PBXFileReference; lastKnownFileType = sourcecode.swift; path = SearchBlogNetwork.swift; sourceTree = "<group>"; };
/* End PBXFileReference section */

/* Begin PBXFrameworksBuildPhase section */
		311E268F27FADB6D003B553A /* Frameworks */ = {
			isa = PBXFrameworksBuildPhase;
			buildActionMask = 2147483647;
			files = (
				311E26B227FADBD1003B553A /* Kingfisher in Frameworks */,
				311E26AF27FADBA4003B553A /* RxSwift in Frameworks */,
				311E26AD27FADBA4003B553A /* RxRelay in Frameworks */,
				311E26AB27FADBA4003B553A /* RxCocoa in Frameworks */,
				311E26B527FADBDE003B553A /* SnapKit in Frameworks */,
			);
			runOnlyForDeploymentPostprocessing = 0;
		};
/* End PBXFrameworksBuildPhase section */

/* Begin PBXGroup section */
		311E268927FADB6D003B553A = {
			isa = PBXGroup;
			children = (
				311E269427FADB6D003B553A /* SearchDaumBlog */,
				311E269327FADB6D003B553A /* Products */,
			);
			sourceTree = "<group>";
		};
		311E269327FADB6D003B553A /* Products */ = {
			isa = PBXGroup;
			children = (
				311E269227FADB6D003B553A /* SearchDaumBlog.app */,
			);
			name = Products;
			sourceTree = "<group>";
		};
		311E269427FADB6D003B553A /* SearchDaumBlog */ = {
			isa = PBXGroup;
			children = (
				311E269527FADB6D003B553A /* AppDelegate.swift */,
				311E269727FADB6D003B553A /* SceneDelegate.swift */,
				311E269927FADB6D003B553A /* ViewController.swift */,
				311E269E27FADB6E003B553A /* Assets.xcassets */,
				311E26A027FADB6E003B553A /* LaunchScreen.storyboard */,
				311E26A327FADB6E003B553A /* Info.plist */,
				311E26C327FAE2D4003B553A /* Entities */,
				311E26CF27FAF1D1003B553A /* Network */,
				311E26C227FAE2C8003B553A /* Presentation */,
			);
			path = SearchDaumBlog;
			sourceTree = "<group>";
		};
		311E26C227FAE2C8003B553A /* Presentation */ = {
			isa = PBXGroup;
			children = (
				311E26C527FAE886003B553A /* MainViewController */,
			);
			path = Presentation;
			sourceTree = "<group>";
		};
		311E26C327FAE2D4003B553A /* Entities */ = {
			isa = PBXGroup;
			children = (
				311E26C027FAE2BE003B553A /* BlogListCellData.swift */,
				311E26C927FAE963003B553A /* AlertActionConvertible.swift */,
				311E26CB27FAEF93003B553A /* DKBlog.swift */,
			);
			path = Entities;
			sourceTree = "<group>";
		};
		311E26C427FAE87A003B553A /* SubComponents */ = {
			isa = PBXGroup;
			children = (
				311E26C627FAE891003B553A /* SearchBar */,
				311E26C727FAE899003B553A /* BlogListView */,
			);
			path = SubComponents;
			sourceTree = "<group>";
		};
		311E26C527FAE886003B553A /* MainViewController */ = {
			isa = PBXGroup;
			children = (
				311E26B627FADC1D003B553A /* MainViewController.swift */,
				311E26C427FAE87A003B553A /* SubComponents */,
			);
			path = MainViewController;
			sourceTree = "<group>";
		};
		311E26C627FAE891003B553A /* SearchBar */ = {
			isa = PBXGroup;
			children = (
				311E26B827FADDCC003B553A /* SearchBar.swift */,
			);
			path = SearchBar;
			sourceTree = "<group>";
		};
		311E26C727FAE899003B553A /* BlogListView */ = {
			isa = PBXGroup;
			children = (
				311E26BC27FAE29B003B553A /* BlogList.swift */,
				311E26C827FAE8A4003B553A /* SubVomponents */,
			);
			path = BlogListView;
			sourceTree = "<group>";
		};
		311E26C827FAE8A4003B553A /* SubVomponents */ = {
			isa = PBXGroup;
			children = (
				311E26BA27FAE15B003B553A /* FilterView.swift */,
				311E26BE27FAE2AE003B553A /* BlogListCell.swift */,
			);
			path = SubVomponents;
			sourceTree = "<group>";
		};
		311E26CF27FAF1D1003B553A /* Network */ = {
			isa = PBXGroup;
			children = (
				311E26CD27FAF1CC003B553A /* SearchBlogAPI.swift */,
				311E26D027FAF2A3003B553A /* SearchBlogNetwork.swift */,
			);
			path = Network;
			sourceTree = "<group>";
		};
/* End PBXGroup section */

/* Begin PBXNativeTarget section */
		311E269127FADB6D003B553A /* SearchDaumBlog */ = {
			isa = PBXNativeTarget;
			buildConfigurationList = 311E26A627FADB6E003B553A /* Build configuration list for PBXNativeTarget "SearchDaumBlog" */;
			buildPhases = (
				311E268E27FADB6D003B553A /* Sources */,
				311E268F27FADB6D003B553A /* Frameworks */,
				311E269027FADB6D003B553A /* Resources */,
			);
			buildRules = (
			);
			dependencies = (
			);
			name = SearchDaumBlog;
			packageProductDependencies = (
				311E26AA27FADBA4003B553A /* RxCocoa */,
				311E26AC27FADBA4003B553A /* RxRelay */,
				311E26AE27FADBA4003B553A /* RxSwift */,
				311E26B127FADBD1003B553A /* Kingfisher */,
				311E26B427FADBDE003B553A /* SnapKit */,
			);
			productName = SearchDaumBlog;
			productReference = 311E269227FADB6D003B553A /* SearchDaumBlog.app */;
			productType = "com.apple.product-type.application";
		};
/* End PBXNativeTarget section */

/* Begin PBXProject section */
		311E268A27FADB6D003B553A /* Project object */ = {
			isa = PBXProject;
			attributes = {
				BuildIndependentTargetsInParallel = 1;
				LastSwiftUpdateCheck = 1330;
				LastUpgradeCheck = 1330;
				TargetAttributes = {
					311E269127FADB6D003B553A = {
						CreatedOnToolsVersion = 13.3;
					};
				};
			};
			buildConfigurationList = 311E268D27FADB6D003B553A /* Build configuration list for PBXProject "SearchDaumBlog" */;
			compatibilityVersion = "Xcode 13.0";
			developmentRegion = en;
			hasScannedForEncodings = 0;
			knownRegions = (
				en,
				Base,
			);
			mainGroup = 311E268927FADB6D003B553A;
			packageReferences = (
				311E26A927FADBA4003B553A /* XCRemoteSwiftPackageReference "RxSwift" */,
				311E26B027FADBD1003B553A /* XCRemoteSwiftPackageReference "Kingfisher" */,
				311E26B327FADBDE003B553A /* XCRemoteSwiftPackageReference "SnapKit" */,
			);
			productRefGroup = 311E269327FADB6D003B553A /* Products */;
			projectDirPath = "";
			projectRoot = "";
			targets = (
				311E269127FADB6D003B553A /* SearchDaumBlog */,
			);
		};
/* End PBXProject section */

/* Begin PBXResourcesBuildPhase section */
		311E269027FADB6D003B553A /* Resources */ = {
			isa = PBXResourcesBuildPhase;
			buildActionMask = 2147483647;
			files = (
				311E26A227FADB6E003B553A /* LaunchScreen.storyboard in Resources */,
				311E269F27FADB6E003B553A /* Assets.xcassets in Resources */,
			);
			runOnlyForDeploymentPostprocessing = 0;
		};
/* End PBXResourcesBuildPhase section */

/* Begin PBXSourcesBuildPhase section */
		311E268E27FADB6D003B553A /* Sources */ = {
			isa = PBXSourcesBuildPhase;
			buildActionMask = 2147483647;
			files = (
				311E26D127FAF2A3003B553A /* SearchBlogNetwork.swift in Sources */,
				311E269A27FADB6D003B553A /* ViewController.swift in Sources */,
				311E26CC27FAEF93003B553A /* DKBlog.swift in Sources */,
				311E26BD27FAE29B003B553A /* BlogList.swift in Sources */,
				311E269627FADB6D003B553A /* AppDelegate.swift in Sources */,
				311E26CA27FAE963003B553A /* AlertActionConvertible.swift in Sources */,
				311E26B927FADDCC003B553A /* SearchBar.swift in Sources */,
				311E26CE27FAF1CC003B553A /* SearchBlogAPI.swift in Sources */,
				311E269827FADB6D003B553A /* SceneDelegate.swift in Sources */,
				311E26BF27FAE2AE003B553A /* BlogListCell.swift in Sources */,
				311E26BB27FAE15B003B553A /* FilterView.swift in Sources */,
				311E26C127FAE2BE003B553A /* BlogListCellData.swift in Sources */,
				311E26B727FADC1D003B553A /* MainViewController.swift in Sources */,
			);
			runOnlyForDeploymentPostprocessing = 0;
		};
/* End PBXSourcesBuildPhase section */

/* Begin PBXVariantGroup section */
		311E26A027FADB6E003B553A /* LaunchScreen.storyboard */ = {
			isa = PBXVariantGroup;
			children = (
				311E26A127FADB6E003B553A /* Base */,
			);
			name = LaunchScreen.storyboard;
			sourceTree = "<group>";
		};
/* End PBXVariantGroup section */

/* Begin XCBuildConfiguration section */
		311E26A427FADB6E003B553A /* Debug */ = {
			isa = XCBuildConfiguration;
			buildSettings = {
				ALWAYS_SEARCH_USER_PATHS = NO;
				CLANG_ANALYZER_NONNULL = YES;
				CLANG_ANALYZER_NUMBER_OBJECT_CONVERSION = YES_AGGRESSIVE;
				CLANG_CXX_LANGUAGE_STANDARD = "gnu++17";
				CLANG_ENABLE_MODULES = YES;
				CLANG_ENABLE_OBJC_ARC = YES;
				CLANG_ENABLE_OBJC_WEAK = YES;
				CLANG_WARN_BLOCK_CAPTURE_AUTORELEASING = YES;
				CLANG_WARN_BOOL_CONVERSION = YES;
				CLANG_WARN_COMMA = YES;
				CLANG_WARN_CONSTANT_CONVERSION = YES;
				CLANG_WARN_DEPRECATED_OBJC_IMPLEMENTATIONS = YES;
				CLANG_WARN_DIRECT_OBJC_ISA_USAGE = YES_ERROR;
				CLANG_WARN_DOCUMENTATION_COMMENTS = YES;
				CLANG_WARN_EMPTY_BODY = YES;
				CLANG_WARN_ENUM_CONVERSION = YES;
				CLANG_WARN_INFINITE_RECURSION = YES;
				CLANG_WARN_INT_CONVERSION = YES;
				CLANG_WARN_NON_LITERAL_NULL_CONVERSION = YES;
				CLANG_WARN_OBJC_IMPLICIT_RETAIN_SELF = YES;
				CLANG_WARN_OBJC_LITERAL_CONVERSION = YES;
				CLANG_WARN_OBJC_ROOT_CLASS = YES_ERROR;
				CLANG_WARN_QUOTED_INCLUDE_IN_FRAMEWORK_HEADER = YES;
				CLANG_WARN_RANGE_LOOP_ANALYSIS = YES;
				CLANG_WARN_STRICT_PROTOTYPES = YES;
				CLANG_WARN_SUSPICIOUS_MOVE = YES;
				CLANG_WARN_UNGUARDED_AVAILABILITY = YES_AGGRESSIVE;
				CLANG_WARN_UNREACHABLE_CODE = YES;
				CLANG_WARN__DUPLICATE_METHOD_MATCH = YES;
				COPY_PHASE_STRIP = NO;
				DEBUG_INFORMATION_FORMAT = dwarf;
				ENABLE_STRICT_OBJC_MSGSEND = YES;
				ENABLE_TESTABILITY = YES;
				GCC_C_LANGUAGE_STANDARD = gnu11;
				GCC_DYNAMIC_NO_PIC = NO;
				GCC_NO_COMMON_BLOCKS = YES;
				GCC_OPTIMIZATION_LEVEL = 0;
				GCC_PREPROCESSOR_DEFINITIONS = (
					"DEBUG=1",
					"$(inherited)",
				);
				GCC_WARN_64_TO_32_BIT_CONVERSION = YES;
				GCC_WARN_ABOUT_RETURN_TYPE = YES_ERROR;
				GCC_WARN_UNDECLARED_SELECTOR = YES;
				GCC_WARN_UNINITIALIZED_AUTOS = YES_AGGRESSIVE;
				GCC_WARN_UNUSED_FUNCTION = YES;
				GCC_WARN_UNUSED_VARIABLE = YES;
				IPHONEOS_DEPLOYMENT_TARGET = 15.4;
				MTL_ENABLE_DEBUG_INFO = INCLUDE_SOURCE;
				MTL_FAST_MATH = YES;
				ONLY_ACTIVE_ARCH = YES;
				SDKROOT = iphoneos;
				SWIFT_ACTIVE_COMPILATION_CONDITIONS = DEBUG;
				SWIFT_OPTIMIZATION_LEVEL = "-Onone";
			};
			name = Debug;
		};
		311E26A527FADB6E003B553A /* Release */ = {
			isa = XCBuildConfiguration;
			buildSettings = {
				ALWAYS_SEARCH_USER_PATHS = NO;
				CLANG_ANALYZER_NONNULL = YES;
				CLANG_ANALYZER_NUMBER_OBJECT_CONVERSION = YES_AGGRESSIVE;
				CLANG_CXX_LANGUAGE_STANDARD = "gnu++17";
				CLANG_ENABLE_MODULES = YES;
				CLANG_ENABLE_OBJC_ARC = YES;
				CLANG_ENABLE_OBJC_WEAK = YES;
				CLANG_WARN_BLOCK_CAPTURE_AUTORELEASING = YES;
				CLANG_WARN_BOOL_CONVERSION = YES;
				CLANG_WARN_COMMA = YES;
				CLANG_WARN_CONSTANT_CONVERSION = YES;
				CLANG_WARN_DEPRECATED_OBJC_IMPLEMENTATIONS = YES;
				CLANG_WARN_DIRECT_OBJC_ISA_USAGE = YES_ERROR;
				CLANG_WARN_DOCUMENTATION_COMMENTS = YES;
				CLANG_WARN_EMPTY_BODY = YES;
				CLANG_WARN_ENUM_CONVERSION = YES;
				CLANG_WARN_INFINITE_RECURSION = YES;
				CLANG_WARN_INT_CONVERSION = YES;
				CLANG_WARN_NON_LITERAL_NULL_CONVERSION = YES;
				CLANG_WARN_OBJC_IMPLICIT_RETAIN_SELF = YES;
				CLANG_WARN_OBJC_LITERAL_CONVERSION = YES;
				CLANG_WARN_OBJC_ROOT_CLASS = YES_ERROR;
				CLANG_WARN_QUOTED_INCLUDE_IN_FRAMEWORK_HEADER = YES;
				CLANG_WARN_RANGE_LOOP_ANALYSIS = YES;
				CLANG_WARN_STRICT_PROTOTYPES = YES;
				CLANG_WARN_SUSPICIOUS_MOVE = YES;
				CLANG_WARN_UNGUARDED_AVAILABILITY = YES_AGGRESSIVE;
				CLANG_WARN_UNREACHABLE_CODE = YES;
				CLANG_WARN__DUPLICATE_METHOD_MATCH = YES;
				COPY_PHASE_STRIP = NO;
				DEBUG_INFORMATION_FORMAT = "dwarf-with-dsym";
				ENABLE_NS_ASSERTIONS = NO;
				ENABLE_STRICT_OBJC_MSGSEND = YES;
				GCC_C_LANGUAGE_STANDARD = gnu11;
				GCC_NO_COMMON_BLOCKS = YES;
				GCC_WARN_64_TO_32_BIT_CONVERSION = YES;
				GCC_WARN_ABOUT_RETURN_TYPE = YES_ERROR;
				GCC_WARN_UNDECLARED_SELECTOR = YES;
				GCC_WARN_UNINITIALIZED_AUTOS = YES_AGGRESSIVE;
				GCC_WARN_UNUSED_FUNCTION = YES;
				GCC_WARN_UNUSED_VARIABLE = YES;
				IPHONEOS_DEPLOYMENT_TARGET = 15.4;
				MTL_ENABLE_DEBUG_INFO = NO;
				MTL_FAST_MATH = YES;
				SDKROOT = iphoneos;
				SWIFT_COMPILATION_MODE = wholemodule;
				SWIFT_OPTIMIZATION_LEVEL = "-O";
				VALIDATE_PRODUCT = YES;
			};
			name = Release;
		};
		311E26A727FADB6E003B553A /* Debug */ = {
			isa = XCBuildConfiguration;
			buildSettings = {
				ASSETCATALOG_COMPILER_APPICON_NAME = AppIcon;
				ASSETCATALOG_COMPILER_GLOBAL_ACCENT_COLOR_NAME = AccentColor;
				CODE_SIGN_STYLE = Automatic;
				CURRENT_PROJECT_VERSION = 1;
				DEVELOPMENT_TEAM = H5J82V5SHR;
				GENERATE_INFOPLIST_FILE = YES;
				INFOPLIST_FILE = SearchDaumBlog/Info.plist;
				INFOPLIST_KEY_UIApplicationSupportsIndirectInputEvents = YES;
				INFOPLIST_KEY_UILaunchStoryboardName = LaunchScreen;
				INFOPLIST_KEY_UISupportedInterfaceOrientations_iPad = "UIInterfaceOrientationPortrait UIInterfaceOrientationPortraitUpsideDown UIInterfaceOrientationLandscapeLeft UIInterfaceOrientationLandscapeRight";
				INFOPLIST_KEY_UISupportedInterfaceOrientations_iPhone = "UIInterfaceOrientationPortrait UIInterfaceOrientationLandscapeLeft UIInterfaceOrientationLandscapeRight";
				LD_RUNPATH_SEARCH_PATHS = (
					"$(inherited)",
					"@executable_path/Frameworks",
				);
				MARKETING_VERSION = 1.0;
				PRODUCT_BUNDLE_IDENTIFIER = com.haeseong.SearchDaumBlog;
				PRODUCT_NAME = "$(TARGET_NAME)";
				SWIFT_EMIT_LOC_STRINGS = YES;
				SWIFT_VERSION = 5.0;
				TARGETED_DEVICE_FAMILY = "1,2";
			};
			name = Debug;
		};
		311E26A827FADB6E003B553A /* Release */ = {
			isa = XCBuildConfiguration;
			buildSettings = {
				ASSETCATALOG_COMPILER_APPICON_NAME = AppIcon;
				ASSETCATALOG_COMPILER_GLOBAL_ACCENT_COLOR_NAME = AccentColor;
				CODE_SIGN_STYLE = Automatic;
				CURRENT_PROJECT_VERSION = 1;
				DEVELOPMENT_TEAM = H5J82V5SHR;
				GENERATE_INFOPLIST_FILE = YES;
				INFOPLIST_FILE = SearchDaumBlog/Info.plist;
				INFOPLIST_KEY_UIApplicationSupportsIndirectInputEvents = YES;
				INFOPLIST_KEY_UILaunchStoryboardName = LaunchScreen;
				INFOPLIST_KEY_UISupportedInterfaceOrientations_iPad = "UIInterfaceOrientationPortrait UIInterfaceOrientationPortraitUpsideDown UIInterfaceOrientationLandscapeLeft UIInterfaceOrientationLandscapeRight";
				INFOPLIST_KEY_UISupportedInterfaceOrientations_iPhone = "UIInterfaceOrientationPortrait UIInterfaceOrientationLandscapeLeft UIInterfaceOrientationLandscapeRight";
				LD_RUNPATH_SEARCH_PATHS = (
					"$(inherited)",
					"@executable_path/Frameworks",
				);
				MARKETING_VERSION = 1.0;
				PRODUCT_BUNDLE_IDENTIFIER = com.haeseong.SearchDaumBlog;
				PRODUCT_NAME = "$(TARGET_NAME)";
				SWIFT_EMIT_LOC_STRINGS = YES;
				SWIFT_VERSION = 5.0;
				TARGETED_DEVICE_FAMILY = "1,2";
			};
			name = Release;
		};
/* End XCBuildConfiguration section */

/* Begin XCConfigurationList section */
		311E268D27FADB6D003B553A /* Build configuration list for PBXProject "SearchDaumBlog" */ = {
			isa = XCConfigurationList;
			buildConfigurations = (
				311E26A427FADB6E003B553A /* Debug */,
				311E26A527FADB6E003B553A /* Release */,
			);
			defaultConfigurationIsVisible = 0;
			defaultConfigurationName = Release;
		};
		311E26A627FADB6E003B553A /* Build configuration list for PBXNativeTarget "SearchDaumBlog" */ = {
			isa = XCConfigurationList;
			buildConfigurations = (
				311E26A727FADB6E003B553A /* Debug */,
				311E26A827FADB6E003B553A /* Release */,
			);
			defaultConfigurationIsVisible = 0;
			defaultConfigurationName = Release;
		};
/* End XCConfigurationList section */

/* Begin XCRemoteSwiftPackageReference section */
		311E26A927FADBA4003B553A /* XCRemoteSwiftPackageReference "RxSwift" */ = {
			isa = XCRemoteSwiftPackageReference;
			repositoryURL = "https://github.com/ReactiveX/RxSwift.git";
			requirement = {
				kind = upToNextMajorVersion;
				minimumVersion = 6.0.0;
			};
		};
		311E26B027FADBD1003B553A /* XCRemoteSwiftPackageReference "Kingfisher" */ = {
			isa = XCRemoteSwiftPackageReference;
			repositoryURL = "https://github.com/onevcat/Kingfisher.git";
			requirement = {
				kind = upToNextMajorVersion;
				minimumVersion = 7.0.0;
			};
		};
		311E26B327FADBDE003B553A /* XCRemoteSwiftPackageReference "SnapKit" */ = {
			isa = XCRemoteSwiftPackageReference;
			repositoryURL = "https://github.com/SnapKit/SnapKit.git";
			requirement = {
				kind = upToNextMajorVersion;
				minimumVersion = 5.0.0;
			};
		};
/* End XCRemoteSwiftPackageReference section */

/* Begin XCSwiftPackageProductDependency section */
		311E26AA27FADBA4003B553A /* RxCocoa */ = {
			isa = XCSwiftPackageProductDependency;
			package = 311E26A927FADBA4003B553A /* XCRemoteSwiftPackageReference "RxSwift" */;
			productName = RxCocoa;
		};
		311E26AC27FADBA4003B553A /* RxRelay */ = {
			isa = XCSwiftPackageProductDependency;
			package = 311E26A927FADBA4003B553A /* XCRemoteSwiftPackageReference "RxSwift" */;
			productName = RxRelay;
		};
		311E26AE27FADBA4003B553A /* RxSwift */ = {
			isa = XCSwiftPackageProductDependency;
			package = 311E26A927FADBA4003B553A /* XCRemoteSwiftPackageReference "RxSwift" */;
			productName = RxSwift;
		};
		311E26B127FADBD1003B553A /* Kingfisher */ = {
			isa = XCSwiftPackageProductDependency;
			package = 311E26B027FADBD1003B553A /* XCRemoteSwiftPackageReference "Kingfisher" */;
			productName = Kingfisher;
		};
		311E26B427FADBDE003B553A /* SnapKit */ = {
			isa = XCSwiftPackageProductDependency;
			package = 311E26B327FADBDE003B553A /* XCRemoteSwiftPackageReference "SnapKit" */;
			productName = SnapKit;
		};
/* End XCSwiftPackageProductDependency section */
	};
	rootObject = 311E268A27FADB6D003B553A /* Project object */;
}
